// !$*UTF8*$!
{
	archiveVersion = 1;
	classes = {
	};
	objectVersion = 56;
	objects = {

/* Begin PBXBuildFile section */
		FA608D8C29E21761003DAD4C /* WeatherAppApp.swift in Sources */ = {isa = PBXBuildFile; fileRef = FA608D8B29E21761003DAD4C /* WeatherAppApp.swift */; };
		FA608D8E29E21761003DAD4C /* ContentView.swift in Sources */ = {isa = PBXBuildFile; fileRef = FA608D8D29E21761003DAD4C /* ContentView.swift */; };
		FA608D9029E21762003DAD4C /* Assets.xcassets in Resources */ = {isa = PBXBuildFile; fileRef = FA608D8F29E21762003DAD4C /* Assets.xcassets */; };
		FA608D9329E21762003DAD4C /* Preview Assets.xcassets in Resources */ = {isa = PBXBuildFile; fileRef = FA608D9229E21762003DAD4C /* Preview Assets.xcassets */; };
		FA608D9E29E217B8003DAD4C /* LocationManager.swift in Sources */ = {isa = PBXBuildFile; fileRef = FA608D9D29E217B8003DAD4C /* LocationManager.swift */; };
		FA608DA029E21A99003DAD4C /* WelcomeView.swift in Sources */ = {isa = PBXBuildFile; fileRef = FA608D9F29E21A99003DAD4C /* WelcomeView.swift */; };
		FA608DA229E21BF3003DAD4C /* LoadingView.swift in Sources */ = {isa = PBXBuildFile; fileRef = FA608DA129E21BF3003DAD4C /* LoadingView.swift */; };
		FA608DA629E221A9003DAD4C /* BlobShape.swift in Sources */ = {isa = PBXBuildFile; fileRef = FA608DA529E221A9003DAD4C /* BlobShape.swift */; };
		FA608DB029E23DBE003DAD4C /* WeatherManager.swift in Sources */ = {isa = PBXBuildFile; fileRef = FA608DAF29E23DBD003DAD4C /* WeatherManager.swift */; };
		FA608DBA29E257E3003DAD4C /* WeatherView.swift in Sources */ = {isa = PBXBuildFile; fileRef = FA608DB929E257E3003DAD4C /* WeatherView.swift */; };
		FA608DBC29E25960003DAD4C /* Extensions.swift in Sources */ = {isa = PBXBuildFile; fileRef = FA608DBB29E25960003DAD4C /* Extensions.swift */; };
		FA608DBE29E25ACA003DAD4C /* WeatherRow.swift in Sources */ = {isa = PBXBuildFile; fileRef = FA608DBD29E25ACA003DAD4C /* WeatherRow.swift */; };
		FA608DC029E26769003DAD4C /* SearchBarView.swift in Sources */ = {isa = PBXBuildFile; fileRef = FA608DBF29E26769003DAD4C /* SearchBarView.swift */; };
/* End PBXBuildFile section */

/* Begin PBXFileReference section */
		FA608D8829E21761003DAD4C /* WeatherApp.app */ = {isa = PBXFileReference; explicitFileType = wrapper.application; includeInIndex = 0; path = WeatherApp.app; sourceTree = BUILT_PRODUCTS_DIR; };
		FA608D8B29E21761003DAD4C /* WeatherAppApp.swift */ = {isa = PBXFileReference; lastKnownFileType = sourcecode.swift; path = WeatherAppApp.swift; sourceTree = "<group>"; };
		FA608D8D29E21761003DAD4C /* ContentView.swift */ = {isa = PBXFileReference; lastKnownFileType = sourcecode.swift; path = ContentView.swift; sourceTree = "<group>"; };
		FA608D8F29E21762003DAD4C /* Assets.xcassets */ = {isa = PBXFileReference; lastKnownFileType = folder.assetcatalog; path = Assets.xcassets; sourceTree = "<group>"; };
		FA608D9229E21762003DAD4C /* Preview Assets.xcassets */ = {isa = PBXFileReference; lastKnownFileType = folder.assetcatalog; path = "Preview Assets.xcassets"; sourceTree = "<group>"; };
		FA608D9D29E217B8003DAD4C /* LocationManager.swift */ = {isa = PBXFileReference; lastKnownFileType = sourcecode.swift; path = LocationManager.swift; sourceTree = "<group>"; };
		FA608D9F29E21A99003DAD4C /* WelcomeView.swift */ = {isa = PBXFileReference; lastKnownFileType = sourcecode.swift; path = WelcomeView.swift; sourceTree = "<group>"; };
		FA608DA129E21BF3003DAD4C /* LoadingView.swift */ = {isa = PBXFileReference; lastKnownFileType = sourcecode.swift; path = LoadingView.swift; sourceTree = "<group>"; };
		FA608DA529E221A9003DAD4C /* BlobShape.swift */ = {isa = PBXFileReference; lastKnownFileType = sourcecode.swift; path = BlobShape.swift; sourceTree = "<group>"; };
		FA608DAF29E23DBD003DAD4C /* WeatherManager.swift */ = {isa = PBXFileReference; lastKnownFileType = sourcecode.swift; path = WeatherManager.swift; sourceTree = "<group>"; };
		FA608DB929E257E3003DAD4C /* WeatherView.swift */ = {isa = PBXFileReference; lastKnownFileType = sourcecode.swift; path = WeatherView.swift; sourceTree = "<group>"; };
		FA608DBB29E25960003DAD4C /* Extensions.swift */ = {isa = PBXFileReference; lastKnownFileType = sourcecode.swift; path = Extensions.swift; sourceTree = "<group>"; };
		FA608DBD29E25ACA003DAD4C /* WeatherRow.swift */ = {isa = PBXFileReference; lastKnownFileType = sourcecode.swift; path = WeatherRow.swift; sourceTree = "<group>"; };
		FA608DBF29E26769003DAD4C /* SearchBarView.swift */ = {isa = PBXFileReference; lastKnownFileType = sourcecode.swift; path = SearchBarView.swift; sourceTree = "<group>"; };
/* End PBXFileReference section */

/* Begin PBXFrameworksBuildPhase section */
		FA608D8529E21761003DAD4C /* Frameworks */ = {
			isa = PBXFrameworksBuildPhase;
			buildActionMask = 2147483647;
			files = (
			);
			runOnlyForDeploymentPostprocessing = 0;
		};
/* End PBXFrameworksBuildPhase section */

/* Begin PBXGroup section */
		FA608D7F29E21761003DAD4C = {
			isa = PBXGroup;
			children = (
				FA608D8A29E21761003DAD4C /* WeatherApp */,
				FA608D8929E21761003DAD4C /* Products */,
			);
			sourceTree = "<group>";
		};
		FA608D8929E21761003DAD4C /* Products */ = {
			isa = PBXGroup;
			children = (
				FA608D8829E21761003DAD4C /* WeatherApp.app */,
			);
			name = Products;
			sourceTree = "<group>";
		};
		FA608D8A29E21761003DAD4C /* WeatherApp */ = {
			isa = PBXGroup;
			children = (
				FA608D8B29E21761003DAD4C /* WeatherAppApp.swift */,
				FA608D9929E21773003DAD4C /* Views */,
				FA608D9A29E21781003DAD4C /* Managers */,
				FA608D9B29E2178F003DAD4C /* Components */,
				FA608D9C29E2179F003DAD4C /* Utilities */,
				FA608D8F29E21762003DAD4C /* Assets.xcassets */,
				FA608D9129E21762003DAD4C /* Preview Content */,
			);
			path = WeatherApp;
			sourceTree = "<group>";
		};
		FA608D9129E21762003DAD4C /* Preview Content */ = {
			isa = PBXGroup;
			children = (
				FA608D9229E21762003DAD4C /* Preview Assets.xcassets */,
			);
			path = "Preview Content";
			sourceTree = "<group>";
		};
		FA608D9929E21773003DAD4C /* Views */ = {
			isa = PBXGroup;
			children = (
				FA608D8D29E21761003DAD4C /* ContentView.swift */,
				FA608D9F29E21A99003DAD4C /* WelcomeView.swift */,
				FA608DA129E21BF3003DAD4C /* LoadingView.swift */,
				FA608DB929E257E3003DAD4C /* WeatherView.swift */,
				FA608DBF29E26769003DAD4C /* SearchBarView.swift */,
			);
			path = Views;
			sourceTree = "<group>";
		};
		FA608D9A29E21781003DAD4C /* Managers */ = {
			isa = PBXGroup;
			children = (
				FA608D9D29E217B8003DAD4C /* LocationManager.swift */,
				FA608DAF29E23DBD003DAD4C /* WeatherManager.swift */,
			);
			path = Managers;
			sourceTree = "<group>";
		};
		FA608D9B29E2178F003DAD4C /* Components */ = {
			isa = PBXGroup;
			children = (
				FA608DA529E221A9003DAD4C /* BlobShape.swift */,
				FA608DBD29E25ACA003DAD4C /* WeatherRow.swift */,
			);
			path = Components;
			sourceTree = "<group>";
		};
		FA608D9C29E2179F003DAD4C /* Utilities */ = {
			isa = PBXGroup;
			children = (
				FA608DBB29E25960003DAD4C /* Extensions.swift */,
			);
			path = Utilities;
			sourceTree = "<group>";
		};
/* End PBXGroup section */

/* Begin PBXNativeTarget section */
		FA608D8729E21761003DAD4C /* WeatherApp */ = {
			isa = PBXNativeTarget;
			buildConfigurationList = FA608D9629E21762003DAD4C /* Build configuration list for PBXNativeTarget "WeatherApp" */;
			buildPhases = (
				FA608D8429E21761003DAD4C /* Sources */,
				FA608D8529E21761003DAD4C /* Frameworks */,
				FA608D8629E21761003DAD4C /* Resources */,
			);
			buildRules = (
			);
			dependencies = (
			);
			name = WeatherApp;
			productName = WeatherApp;
			productReference = FA608D8829E21761003DAD4C /* WeatherApp.app */;
			productType = "com.apple.product-type.application";
		};
/* End PBXNativeTarget section */

/* Begin PBXProject section */
		FA608D8029E21761003DAD4C /* Project object */ = {
			isa = PBXProject;
			attributes = {
				BuildIndependentTargetsInParallel = 1;
				LastSwiftUpdateCheck = 1430;
				LastUpgradeCheck = 1430;
				TargetAttributes = {
					FA608D8729E21761003DAD4C = {
						CreatedOnToolsVersion = 14.3;
					};
				};
			};
			buildConfigurationList = FA608D8329E21761003DAD4C /* Build configuration list for PBXProject "WeatherApp" */;
			compatibilityVersion = "Xcode 14.0";
			developmentRegion = en;
			hasScannedForEncodings = 0;
			knownRegions = (
				en,
				Base,
			);
			mainGroup = FA608D7F29E21761003DAD4C;
			productRefGroup = FA608D8929E21761003DAD4C /* Products */;
			projectDirPath = "";
			projectRoot = "";
			targets = (
				FA608D8729E21761003DAD4C /* WeatherApp */,
			);
		};
/* End PBXProject section */

/* Begin PBXResourcesBuildPhase section */
		FA608D8629E21761003DAD4C /* Resources */ = {
			isa = PBXResourcesBuildPhase;
			buildActionMask = 2147483647;
			files = (
				FA608D9329E21762003DAD4C /* Preview Assets.xcassets in Resources */,
				FA608D9029E21762003DAD4C /* Assets.xcassets in Resources */,
			);
			runOnlyForDeploymentPostprocessing = 0;
		};
/* End PBXResourcesBuildPhase section */

/* Begin PBXSourcesBuildPhase section */
		FA608D8429E21761003DAD4C /* Sources */ = {
			isa = PBXSourcesBuildPhase;
			buildActionMask = 2147483647;
			files = (
				FA608D8E29E21761003DAD4C /* ContentView.swift in Sources */,
				FA608DBC29E25960003DAD4C /* Extensions.swift in Sources */,
				FA608D8C29E21761003DAD4C /* WeatherAppApp.swift in Sources */,
				FA608DA629E221A9003DAD4C /* BlobShape.swift in Sources */,
				FA608DB029E23DBE003DAD4C /* WeatherManager.swift in Sources */,
				FA608DBE29E25ACA003DAD4C /* WeatherRow.swift in Sources */,
				FA608D9E29E217B8003DAD4C /* LocationManager.swift in Sources */,
				FA608DC029E26769003DAD4C /* SearchBarView.swift in Sources */,
				FA608DA229E21BF3003DAD4C /* LoadingView.swift in Sources */,
				FA608DA029E21A99003DAD4C /* WelcomeView.swift in Sources */,
				FA608DBA29E257E3003DAD4C /* WeatherView.swift in Sources */,
			);
			runOnlyForDeploymentPostprocessing = 0;
		};
/* End PBXSourcesBuildPhase section */

/* Begin XCBuildConfiguration section */
		FA608D9429E21762003DAD4C /* Debug */ = {
			isa = XCBuildConfiguration;
			buildSettings = {
				ALWAYS_SEARCH_USER_PATHS = NO;
				CLANG_ANALYZER_NONNULL = YES;
				CLANG_ANALYZER_NUMBER_OBJECT_CONVERSION = YES_AGGRESSIVE;
				CLANG_CXX_LANGUAGE_STANDARD = "gnu++20";
				CLANG_ENABLE_MODULES = YES;
				CLANG_ENABLE_OBJC_ARC = YES;
				CLANG_ENABLE_OBJC_WEAK = YES;
				CLANG_WARN_BLOCK_CAPTURE_AUTORELEASING = YES;
				CLANG_WARN_BOOL_CONVERSION = YES;
				CLANG_WARN_COMMA = YES;
				CLANG_WARN_CONSTANT_CONVERSION = YES;
				CLANG_WARN_DEPRECATED_OBJC_IMPLEMENTATIONS = YES;
				CLANG_WARN_DIRECT_OBJC_ISA_USAGE = YES_ERROR;
				CLANG_WARN_DOCUMENTATION_COMMENTS = YES;
				CLANG_WARN_EMPTY_BODY = YES;
				CLANG_WARN_ENUM_CONVERSION = YES;
				CLANG_WARN_INFINITE_RECURSION = YES;
				CLANG_WARN_INT_CONVERSION = YES;
				CLANG_WARN_NON_LITERAL_NULL_CONVERSION = YES;
				CLANG_WARN_OBJC_IMPLICIT_RETAIN_SELF = YES;
				CLANG_WARN_OBJC_LITERAL_CONVERSION = YES;
				CLANG_WARN_OBJC_ROOT_CLASS = YES_ERROR;
				CLANG_WARN_QUOTED_INCLUDE_IN_FRAMEWORK_HEADER = YES;
				CLANG_WARN_RANGE_LOOP_ANALYSIS = YES;
				CLANG_WARN_STRICT_PROTOTYPES = YES;
				CLANG_WARN_SUSPICIOUS_MOVE = YES;
				CLANG_WARN_UNGUARDED_AVAILABILITY = YES_AGGRESSIVE;
				CLANG_WARN_UNREACHABLE_CODE = YES;
				CLANG_WARN__DUPLICATE_METHOD_MATCH = YES;
				COPY_PHASE_STRIP = NO;
				DEBUG_INFORMATION_FORMAT = dwarf;
				ENABLE_STRICT_OBJC_MSGSEND = YES;
				ENABLE_TESTABILITY = YES;
				GCC_C_LANGUAGE_STANDARD = gnu11;
				GCC_DYNAMIC_NO_PIC = NO;
				GCC_NO_COMMON_BLOCKS = YES;
				GCC_OPTIMIZATION_LEVEL = 0;
				GCC_PREPROCESSOR_DEFINITIONS = (
					"DEBUG=1",
					"$(inherited)",
				);
				GCC_WARN_64_TO_32_BIT_CONVERSION = YES;
				GCC_WARN_ABOUT_RETURN_TYPE = YES_ERROR;
				GCC_WARN_UNDECLARED_SELECTOR = YES;
				GCC_WARN_UNINITIALIZED_AUTOS = YES_AGGRESSIVE;
				GCC_WARN_UNUSED_FUNCTION = YES;
				GCC_WARN_UNUSED_VARIABLE = YES;
				IPHONEOS_DEPLOYMENT_TARGET = 16.4;
				MTL_ENABLE_DEBUG_INFO = INCLUDE_SOURCE;
				MTL_FAST_MATH = YES;
				ONLY_ACTIVE_ARCH = YES;
				SDKROOT = iphoneos;
				SWIFT_ACTIVE_COMPILATION_CONDITIONS = DEBUG;
				SWIFT_OPTIMIZATION_LEVEL = "-Onone";
			};
			name = Debug;
		};
		FA608D9529E21762003DAD4C /* Release */ = {
			isa = XCBuildConfiguration;
			buildSettings = {
				ALWAYS_SEARCH_USER_PATHS = NO;
				CLANG_ANALYZER_NONNULL = YES;
				CLANG_ANALYZER_NUMBER_OBJECT_CONVERSION = YES_AGGRESSIVE;
				CLANG_CXX_LANGUAGE_STANDARD = "gnu++20";
				CLANG_ENABLE_MODULES = YES;
				CLANG_ENABLE_OBJC_ARC = YES;
				CLANG_ENABLE_OBJC_WEAK = YES;
				CLANG_WARN_BLOCK_CAPTURE_AUTORELEASING = YES;
				CLANG_WARN_BOOL_CONVERSION = YES;
				CLANG_WARN_COMMA = YES;
				CLANG_WARN_CONSTANT_CONVERSION = YES;
				CLANG_WARN_DEPRECATED_OBJC_IMPLEMENTATIONS = YES;
				CLANG_WARN_DIRECT_OBJC_ISA_USAGE = YES_ERROR;
				CLANG_WARN_DOCUMENTATION_COMMENTS = YES;
				CLANG_WARN_EMPTY_BODY = YES;
				CLANG_WARN_ENUM_CONVERSION = YES;
				CLANG_WARN_INFINITE_RECURSION = YES;
				CLANG_WARN_INT_CONVERSION = YES;
				CLANG_WARN_NON_LITERAL_NULL_CONVERSION = YES;
				CLANG_WARN_OBJC_IMPLICIT_RETAIN_SELF = YES;
				CLANG_WARN_OBJC_LITERAL_CONVERSION = YES;
				CLANG_WARN_OBJC_ROOT_CLASS = YES_ERROR;
				CLANG_WARN_QUOTED_INCLUDE_IN_FRAMEWORK_HEADER = YES;
				CLANG_WARN_RANGE_LOOP_ANALYSIS = YES;
				CLANG_WARN_STRICT_PROTOTYPES = YES;
				CLANG_WARN_SUSPICIOUS_MOVE = YES;
				CLANG_WARN_UNGUARDED_AVAILABILITY = YES_AGGRESSIVE;
				CLANG_WARN_UNREACHABLE_CODE = YES;
				CLANG_WARN__DUPLICATE_METHOD_MATCH = YES;
				COPY_PHASE_STRIP = NO;
				DEBUG_INFORMATION_FORMAT = "dwarf-with-dsym";
				ENABLE_NS_ASSERTIONS = NO;
				ENABLE_STRICT_OBJC_MSGSEND = YES;
				GCC_C_LANGUAGE_STANDARD = gnu11;
				GCC_NO_COMMON_BLOCKS = YES;
				GCC_WARN_64_TO_32_BIT_CONVERSION = YES;
				GCC_WARN_ABOUT_RETURN_TYPE = YES_ERROR;
				GCC_WARN_UNDECLARED_SELECTOR = YES;
				GCC_WARN_UNINITIALIZED_AUTOS = YES_AGGRESSIVE;
				GCC_WARN_UNUSED_FUNCTION = YES;
				GCC_WARN_UNUSED_VARIABLE = YES;
				IPHONEOS_DEPLOYMENT_TARGET = 16.4;
				MTL_ENABLE_DEBUG_INFO = NO;
				MTL_FAST_MATH = YES;
				SDKROOT = iphoneos;
				SWIFT_COMPILATION_MODE = wholemodule;
				SWIFT_OPTIMIZATION_LEVEL = "-O";
				VALIDATE_PRODUCT = YES;
			};
			name = Release;
		};
		FA608D9729E21762003DAD4C /* Debug */ = {
			isa = XCBuildConfiguration;
			buildSettings = {
				ASSETCATALOG_COMPILER_APPICON_NAME = AppIcon;
				ASSETCATALOG_COMPILER_GLOBAL_ACCENT_COLOR_NAME = AccentColor;
				CODE_SIGN_STYLE = Automatic;
				CURRENT_PROJECT_VERSION = 1;
				DEVELOPMENT_ASSET_PATHS = "\"WeatherApp/Preview Content\"";
				DEVELOPMENT_TEAM = 8JYH3R442S;
				ENABLE_PREVIEWS = YES;
				GENERATE_INFOPLIST_FILE = YES;
				INFOPLIST_KEY_UIApplicationSceneManifest_Generation = YES;
				INFOPLIST_KEY_UIApplicationSupportsIndirectInputEvents = YES;
				INFOPLIST_KEY_UILaunchScreen_Generation = YES;
				INFOPLIST_KEY_UISupportedInterfaceOrientations_iPad = "UIInterfaceOrientationPortrait UIInterfaceOrientationPortraitUpsideDown UIInterfaceOrientationLandscapeLeft UIInterfaceOrientationLandscapeRight";
				INFOPLIST_KEY_UISupportedInterfaceOrientations_iPhone = "UIInterfaceOrientationPortrait UIInterfaceOrientationLandscapeLeft UIInterfaceOrientationLandscapeRight";
				LD_RUNPATH_SEARCH_PATHS = (
					"$(inherited)",
					"@executable_path/Frameworks",
				);
				MARKETING_VERSION = 1.0;
				PRODUCT_BUNDLE_IDENTIFIER = com.hardik.WeatherApp;
				PRODUCT_NAME = "$(TARGET_NAME)";
				SWIFT_EMIT_LOC_STRINGS = YES;
				SWIFT_VERSION = 5.0;
				TARGETED_DEVICE_FAMILY = "1,2";
			};
			name = Debug;
		};
		FA608D9829E21762003DAD4C /* Release */ = {
			isa = XCBuildConfiguration;
			buildSettings = {
				ASSETCATALOG_COMPILER_APPICON_NAME = AppIcon;
				ASSETCATALOG_COMPILER_GLOBAL_ACCENT_COLOR_NAME = AccentColor;
				CODE_SIGN_STYLE = Automatic;
				CURRENT_PROJECT_VERSION = 1;
				DEVELOPMENT_ASSET_PATHS = "\"WeatherApp/Preview Content\"";
				DEVELOPMENT_TEAM = 8JYH3R442S;
				ENABLE_PREVIEWS = YES;
				GENERATE_INFOPLIST_FILE = YES;
				INFOPLIST_KEY_UIApplicationSceneManifest_Generation = YES;
				INFOPLIST_KEY_UIApplicationSupportsIndirectInputEvents = YES;
				INFOPLIST_KEY_UILaunchScreen_Generation = YES;
				INFOPLIST_KEY_UISupportedInterfaceOrientations_iPad = "UIInterfaceOrientationPortrait UIInterfaceOrientationPortraitUpsideDown UIInterfaceOrientationLandscapeLeft UIInterfaceOrientationLandscapeRight";
				INFOPLIST_KEY_UISupportedInterfaceOrientations_iPhone = "UIInterfaceOrientationPortrait UIInterfaceOrientationLandscapeLeft UIInterfaceOrientationLandscapeRight";
				LD_RUNPATH_SEARCH_PATHS = (
					"$(inherited)",
					"@executable_path/Frameworks",
				);
				MARKETING_VERSION = 1.0;
				PRODUCT_BUNDLE_IDENTIFIER = com.hardik.WeatherApp;
				PRODUCT_NAME = "$(TARGET_NAME)";
				SWIFT_EMIT_LOC_STRINGS = YES;
				SWIFT_VERSION = 5.0;
				TARGETED_DEVICE_FAMILY = "1,2";
			};
			name = Release;
		};
/* End XCBuildConfiguration section */

/* Begin XCConfigurationList section */
		FA608D8329E21761003DAD4C /* Build configuration list for PBXProject "WeatherApp" */ = {
			isa = XCConfigurationList;
			buildConfigurations = (
				FA608D9429E21762003DAD4C /* Debug */,
				FA608D9529E21762003DAD4C /* Release */,
			);
			defaultConfigurationIsVisible = 0;
			defaultConfigurationName = Release;
		};
		FA608D9629E21762003DAD4C /* Build configuration list for PBXNativeTarget "WeatherApp" */ = {
			isa = XCConfigurationList;
			buildConfigurations = (
				FA608D9729E21762003DAD4C /* Debug */,
				FA608D9829E21762003DAD4C /* Release */,
			);
			defaultConfigurationIsVisible = 0;
			defaultConfigurationName = Release;
		};
/* End XCConfigurationList section */
	};
	rootObject = FA608D8029E21761003DAD4C /* Project object */;
}
